// !$*UTF8*$!
{
	archiveVersion = 1;
	classes = {
	};
	objectVersion = 46;
	objects = {

/* Begin PBXBuildFile section */
		65826F501566629300C3D2AD /* logo.png in Resources */ = {isa = PBXBuildFile; fileRef = 65826F4E1566629300C3D2AD /* logo.png */; };
		65846632156034BE003CB644 /* SenTestingKit.framework in Frameworks */ = {isa = PBXBuildFile; fileRef = 65846631156034BE003CB644 /* SenTestingKit.framework */; };
		65846633156034BE003CB644 /* UIKit.framework in Frameworks */ = {isa = PBXBuildFile; fileRef = A9C59FFA1517A78500A3F8C5 /* UIKit.framework */; };
		65846634156034BE003CB644 /* Foundation.framework in Frameworks */ = {isa = PBXBuildFile; fileRef = A9C59FFC1517A78500A3F8C5 /* Foundation.framework */; };
		6584663A156034BE003CB644 /* InfoPlist.strings in Resources */ = {isa = PBXBuildFile; fileRef = 65846638156034BE003CB644 /* InfoPlist.strings */; };
		6584663D156034BE003CB644 /* Tests.m in Sources */ = {isa = PBXBuildFile; fileRef = 6584663C156034BE003CB644 /* Tests.m */; };
		659189411577CFF100D814C3 /* backgroundLandscape.png in Resources */ = {isa = PBXBuildFile; fileRef = 6591893D1577CFF100D814C3 /* backgroundLandscape.png */; };
		659189421577CFF100D814C3 /* backgroundPortrait.png in Resources */ = {isa = PBXBuildFile; fileRef = 6591893E1577CFF100D814C3 /* backgroundPortrait.png */; };
		659189431577CFF100D814C3 /* DroidSans-Bold.ttf in Resources */ = {isa = PBXBuildFile; fileRef = 6591893F1577CFF100D814C3 /* DroidSans-Bold.ttf */; };
		659189441577CFF100D814C3 /* DroidSans.ttf in Resources */ = {isa = PBXBuildFile; fileRef = 659189401577CFF100D814C3 /* DroidSans.ttf */; };
		659189461577D17700D814C3 /* backgroundLandscape.png in Resources */ = {isa = PBXBuildFile; fileRef = 6591893D1577CFF100D814C3 /* backgroundLandscape.png */; };
		659189471577D17700D814C3 /* backgroundPortrait.png in Resources */ = {isa = PBXBuildFile; fileRef = 6591893E1577CFF100D814C3 /* backgroundPortrait.png */; };
		659189481577D17700D814C3 /* DroidSans-Bold.ttf in Resources */ = {isa = PBXBuildFile; fileRef = 6591893F1577CFF100D814C3 /* DroidSans-Bold.ttf */; };
		659189491577D17700D814C3 /* DroidSans.ttf in Resources */ = {isa = PBXBuildFile; fileRef = 659189401577CFF100D814C3 /* DroidSans.ttf */; };
		65EFEBB71573C9770087F155 /* material mywine-03.png in Resources */ = {isa = PBXBuildFile; fileRef = 65EFEBA81573C9770087F155 /* material mywine-03.png */; };
		65EFEBB81573C9770087F155 /* material mywine-04.png in Resources */ = {isa = PBXBuildFile; fileRef = 65EFEBA91573C9770087F155 /* material mywine-04.png */; };
		65EFEBB91573C9770087F155 /* material mywine-05.png in Resources */ = {isa = PBXBuildFile; fileRef = 65EFEBAA1573C9770087F155 /* material mywine-05.png */; };
		65EFEBBA1573C9770087F155 /* material mywine-06.png in Resources */ = {isa = PBXBuildFile; fileRef = 65EFEBAB1573C9770087F155 /* material mywine-06.png */; };
		65EFEBBB1573C9770087F155 /* material mywine-07.png in Resources */ = {isa = PBXBuildFile; fileRef = 65EFEBAC1573C9770087F155 /* material mywine-07.png */; };
		65EFEBBC1573C9770087F155 /* material mywine-08.png in Resources */ = {isa = PBXBuildFile; fileRef = 65EFEBAD1573C9770087F155 /* material mywine-08.png */; };
		65EFEBBD1573C9770087F155 /* material mywine-09.png in Resources */ = {isa = PBXBuildFile; fileRef = 65EFEBAE1573C9770087F155 /* material mywine-09.png */; };
		65EFEBBE1573C9770087F155 /* material mywine-10.png in Resources */ = {isa = PBXBuildFile; fileRef = 65EFEBAF1573C9770087F155 /* material mywine-10.png */; };
		65EFEBBF1573C9770087F155 /* material mywine-11.png in Resources */ = {isa = PBXBuildFile; fileRef = 65EFEBB01573C9770087F155 /* material mywine-11.png */; };
		65EFEBC01573C9770087F155 /* material mywine-12.png in Resources */ = {isa = PBXBuildFile; fileRef = 65EFEBB11573C9770087F155 /* material mywine-12.png */; };
		65EFEBC11573C9770087F155 /* material mywine-13.png in Resources */ = {isa = PBXBuildFile; fileRef = 65EFEBB21573C9770087F155 /* material mywine-13.png */; };
		65EFEBC21573C9770087F155 /* material mywine-14.png in Resources */ = {isa = PBXBuildFile; fileRef = 65EFEBB31573C9770087F155 /* material mywine-14.png */; };
		65EFEBC31573C9770087F155 /* material mywine-15.png in Resources */ = {isa = PBXBuildFile; fileRef = 65EFEBB41573C9770087F155 /* material mywine-15.png */; };
		65EFEBC41573C9770087F155 /* material mywine-16.png in Resources */ = {isa = PBXBuildFile; fileRef = 65EFEBB51573C9770087F155 /* material mywine-16.png */; };
		65EFEBC51573C9770087F155 /* material mywine-17.png in Resources */ = {isa = PBXBuildFile; fileRef = 65EFEBB61573C9770087F155 /* material mywine-17.png */; };
		A0C66470155448CC004C798E /* ListaRegioesViewController.m in Sources */ = {isa = PBXBuildFile; fileRef = A0C6646F155448CC004C798E /* ListaRegioesViewController.m */; };
		A97583661519F60C009B5F68 /* inicial.png in Resources */ = {isa = PBXBuildFile; fileRef = A97583651519F60C009B5F68 /* inicial.png */; };
		A97583691519F743009B5F68 /* images.jpeg in Resources */ = {isa = PBXBuildFile; fileRef = A97583681519F743009B5F68 /* images.jpeg */; };
		A975188315191F3700EAC591 /* ProvaViewController.m in Sources */ = {isa = PBXBuildFile; fileRef = A975188215191F3700EAC591 /* ProvaViewController.m */; };
		A9758371151A0151009B5F68 /* 117-todo.png in Resources */ = {isa = PBXBuildFile; fileRef = A9758370151A0151009B5F68 /* 117-todo.png */; };
		A9758373151A01A2009B5F68 /* 18-envelope.png in Resources */ = {isa = PBXBuildFile; fileRef = A9758372151A01A2009B5F68 /* 18-envelope.png */; };
		A975DE01151A3CCB002FC7FB /* 02-redo.png in Resources */ = {isa = PBXBuildFile; fileRef = A975DE00151A3CCB002FC7FB /* 02-redo.png */; };
		A979EDAB15668FCB00E94A34 /* Utils.m in Sources */ = {isa = PBXBuildFile; fileRef = A979EDAA15668FCB00E94A34 /* Utils.m */; };
		A97D9D75151A3230007CF723 /* 53-house.png in Resources */ = {isa = PBXBuildFile; fileRef = A97D9D74151A3230007CF723 /* 53-house.png */; };
		A97D9D78151A397B007CF723 /* 86-camera.png in Resources */ = {isa = PBXBuildFile; fileRef = A97D9D77151A397B007CF723 /* 86-camera.png */; };
		A9A69B99151FC41000FC9073 /* FotoViewController.m in Sources */ = {isa = PBXBuildFile; fileRef = A9A69B98151FC41000FC9073 /* FotoViewController.m */; };
		A9A69B9C151FCDE200FC9073 /* SyncViewController.m in Sources */ = {isa = PBXBuildFile; fileRef = A9A69B9B151FCDE200FC9073 /* SyncViewController.m */; };
		A9A69B9F151FCEC500FC9073 /* NovaProvaViewController.m in Sources */ = {isa = PBXBuildFile; fileRef = A9A69B9E151FCEC500FC9073 /* NovaProvaViewController.m */; };
		A9B04E5A1519DE3B00DC32CF /* Settings.bundle in Resources */ = {isa = PBXBuildFile; fileRef = A9B04E591519DE3B00DC32CF /* Settings.bundle */; };
		A9BDB692151A4F420032921A /* 06-magnify.png in Resources */ = {isa = PBXBuildFile; fileRef = A9BDB691151A4F420032921A /* 06-magnify.png */; };
		A9BE2C121518C254002E4E2A /* ListaProvasViewController.m in Sources */ = {isa = PBXBuildFile; fileRef = A9BE2C111518C254002E4E2A /* ListaProvasViewController.m */; };
		A9BE2C161518C330002E4E2A /* Prova.m in Sources */ = {isa = PBXBuildFile; fileRef = A9BE2C151518C330002E4E2A /* Prova.m */; };
		A9BFB2C3151D442600588B59 /* 184-warning.png in Resources */ = {isa = PBXBuildFile; fileRef = A9BFB2C2151D442600588B59 /* 184-warning.png */; };
		A9BFB2C6151D468500588B59 /* NovoVinhoViewController.m in Sources */ = {isa = PBXBuildFile; fileRef = A9BFB2C5151D468500588B59 /* NovoVinhoViewController.m */; };
		A9C28884151FBB4400C2F58D /* VinhoViewController.m in Sources */ = {isa = PBXBuildFile; fileRef = A9C28883151FBB4400C2F58D /* VinhoViewController.m */; };
		A9C59FFB1517A78500A3F8C5 /* UIKit.framework in Frameworks */ = {isa = PBXBuildFile; fileRef = A9C59FFA1517A78500A3F8C5 /* UIKit.framework */; };
		A9C59FFD1517A78500A3F8C5 /* Foundation.framework in Frameworks */ = {isa = PBXBuildFile; fileRef = A9C59FFC1517A78500A3F8C5 /* Foundation.framework */; };
		A9C59FFF1517A78500A3F8C5 /* CoreGraphics.framework in Frameworks */ = {isa = PBXBuildFile; fileRef = A9C59FFE1517A78500A3F8C5 /* CoreGraphics.framework */; };
		A9C5A0051517A78600A3F8C5 /* InfoPlist.strings in Resources */ = {isa = PBXBuildFile; fileRef = A9C5A0031517A78600A3F8C5 /* InfoPlist.strings */; };
		A9C5A0071517A78600A3F8C5 /* main.m in Sources */ = {isa = PBXBuildFile; fileRef = A9C5A0061517A78600A3F8C5 /* main.m */; };
		A9C5A00B1517A78600A3F8C5 /* AppDelegate.m in Sources */ = {isa = PBXBuildFile; fileRef = A9C5A00A1517A78600A3F8C5 /* AppDelegate.m */; };
		A9C5A0111517A78600A3F8C5 /* ListaVinhosViewController.m in Sources */ = {isa = PBXBuildFile; fileRef = A9C5A0101517A78600A3F8C5 /* ListaVinhosViewController.m */; };
		A9C5A0141517A78600A3F8C5 /* DetailViewController.m in Sources */ = {isa = PBXBuildFile; fileRef = A9C5A0131517A78600A3F8C5 /* DetailViewController.m */; };
		A9C5A0241517AB0E00A3F8C5 /* icon.png in Resources */ = {isa = PBXBuildFile; fileRef = A9C5A0231517AB0E00A3F8C5 /* icon.png */; };
		A9F0B4BB1524731F003C931B /* FiltrosViewController.m in Sources */ = {isa = PBXBuildFile; fileRef = A9F0B4BA1524731F003C931B /* FiltrosViewController.m */; };
		A9F0B4BF152477C9003C931B /* ComparadorViewController.m in Sources */ = {isa = PBXBuildFile; fileRef = A9F0B4BE152477C9003C931B /* ComparadorViewController.m */; };
		BCC8EBB91563E36B006645BC /* NSMutableArray+ProvasMutableArray.m in Sources */ = {isa = PBXBuildFile; fileRef = BCC8EBB81563E36B006645BC /* NSMutableArray+ProvasMutableArray.m */; };
		D3231DA3154814F400F09BAC /* DroidSerif-Bold.ttf in Resources */ = {isa = PBXBuildFile; fileRef = D3231D9D15480DF700F09BAC /* DroidSerif-Bold.ttf */; };
		D3231DA4154814F800F09BAC /* DroidSerif-BoldItalic.ttf in Resources */ = {isa = PBXBuildFile; fileRef = D3231D9E15480DF700F09BAC /* DroidSerif-BoldItalic.ttf */; };
		D3231DA5154814FC00F09BAC /* DroidSerif-Italic.ttf in Resources */ = {isa = PBXBuildFile; fileRef = D3231D9F15480DF700F09BAC /* DroidSerif-Italic.ttf */; };
		D3231DA6154814FF00F09BAC /* DroidSerif-Regular.ttf in Resources */ = {isa = PBXBuildFile; fileRef = D3231DA015480DF700F09BAC /* DroidSerif-Regular.ttf */; };
		D328B96D153F254700EA4501 /* DatabaseDefinitions.c in Sources */ = {isa = PBXBuildFile; fileRef = D328B96C153F254700EA4501 /* DatabaseDefinitions.c */; };
		D33F4B6E15702F00003C0BC5 /* SeccaoCaracteristica.m in Sources */ = {isa = PBXBuildFile; fileRef = D33F4B6D15702F00003C0BC5 /* SeccaoCaracteristica.m */; };
		D3500EF3154C458400FB85E3 /* Seccao.m in Sources */ = {isa = PBXBuildFile; fileRef = D3500EF2154C458400FB85E3 /* Seccao.m */; };
		D3500EF6154C459600FB85E3 /* Classificacao.m in Sources */ = {isa = PBXBuildFile; fileRef = D3500EF5154C459600FB85E3 /* Classificacao.m */; };
		D3500EF9154C45D800FB85E3 /* Caracteristica.m in Sources */ = {isa = PBXBuildFile; fileRef = D3500EF8154C45D800FB85E3 /* Caracteristica.m */; };
		D3500EFC154C45EE00FB85E3 /* Criterio.m in Sources */ = {isa = PBXBuildFile; fileRef = D3500EFB154C45EE00FB85E3 /* Criterio.m */; };
		D3637DCD153E305E00A9B928 /* Database.m in Sources */ = {isa = PBXBuildFile; fileRef = D3637DCC153E305E00A9B928 /* Database.m */; };
		D3637DD1153E31DA00A9B928 /* Query.m in Sources */ = {isa = PBXBuildFile; fileRef = D3637DD0153E31DA00A9B928 /* Query.m */; };
		D3637DD3153E322800A9B928 /* libsqlite3.dylib in Frameworks */ = {isa = PBXBuildFile; fileRef = D3637DD2153E322800A9B928 /* libsqlite3.dylib */; };
		D37D177B155DC249005E502A /* Sincronizacao.m in Sources */ = {isa = PBXBuildFile; fileRef = D37D177A155DC249005E502A /* Sincronizacao.m */; };
		D37D40D3154D9BDB00A11E6F /* Regiao.m in Sources */ = {isa = PBXBuildFile; fileRef = D37D40D2154D9BDB00A11E6F /* Regiao.m */; };
		D37D40D6154D9E1500A11E6F /* TipoVinho.m in Sources */ = {isa = PBXBuildFile; fileRef = D37D40D5154D9E1400A11E6F /* TipoVinho.m */; };
		DA019F531570400E00CC589A /* CriterionCell.xib in Resources */ = {isa = PBXBuildFile; fileRef = DA019F521570400E00CC589A /* CriterionCell.xib */; };
		DA019F56157046A200CC589A /* CriterionCell.m in Sources */ = {isa = PBXBuildFile; fileRef = DA019F55157046A200CC589A /* CriterionCell.m */; };
		DA06B867153FA0C800D03DD9 /* NSMutableArray+VinhosMutableArray.m in Sources */ = {isa = PBXBuildFile; fileRef = DA06B866153FA0C800D03DD9 /* NSMutableArray+VinhosMutableArray.m */; };
		DA498F14153D6659009C4072 /* User.m in Sources */ = {isa = PBXBuildFile; fileRef = DA498F13153D6659009C4072 /* User.m */; };
		DA631DE0156EA7F2003EC91B /* CurrencyViewController.m in Sources */ = {isa = PBXBuildFile; fileRef = DA631DDF156EA7F2003EC91B /* CurrencyViewController.m */; };
		DA7D48A4152E0AAD00C525FB /* Language.m in Sources */ = {isa = PBXBuildFile; fileRef = DA7D48A3152E0AAD00C525FB /* Language.m */; };
		DA9031F515785609006E0E34 /* SectionItemCell.m in Sources */ = {isa = PBXBuildFile; fileRef = DA9031F415785609006E0E34 /* SectionItemCell.m */; };
		DA91312915767E7300D37BA0 /* slider_thumb.png in Resources */ = {isa = PBXBuildFile; fileRef = DA91312815767E7300D37BA0 /* slider_thumb.png */; };
		DA9131311576812500D37BA0 /* UIColor+myWineColor.m in Sources */ = {isa = PBXBuildFile; fileRef = DA9131301576812500D37BA0 /* UIColor+myWineColor.m */; };
		DA993CDE153F22E7009D3E13 /* Vinho.m in Sources */ = {isa = PBXBuildFile; fileRef = DA993CDD153F22E7009D3E13 /* Vinho.m */; };
		DAC99B7F155AE3EA00D9C04F /* SubstitutableTabBarControllerViewController.m in Sources */ = {isa = PBXBuildFile; fileRef = DAC99B7E155AE3EA00D9C04F /* SubstitutableTabBarControllerViewController.m */; };
		DAC99B85155B0B7B00D9C04F /* ProvaViewController.m in Sources */ = {isa = PBXBuildFile; fileRef = DAC99B84155B0B7B00D9C04F /* ProvaViewController.m */; };
		DADADA5515541E04008A9FBB /* ListaPaisesViewController.m in Sources */ = {isa = PBXBuildFile; fileRef = DADADA5415541E04008A9FBB /* ListaPaisesViewController.m */; };
		DADADA5915542420008A9FBB /* Pais.m in Sources */ = {isa = PBXBuildFile; fileRef = DADADA5815542420008A9FBB /* Pais.m */; };
		DADE3BCA15480E2000465551 /* cell_bg_gradient.png in Resources */ = {isa = PBXBuildFile; fileRef = DADE3BC915480E2000465551 /* cell_bg_gradient.png */; };
		DADE7ADA152E136400F0F680 /* MainStoryboard.storyboard in Resources */ = {isa = PBXBuildFile; fileRef = DADE7AD9152E136400F0F680 /* MainStoryboard.storyboard */; };
		DADE7AF1152E170300F0F680 /* Localizable.strings in Resources */ = {isa = PBXBuildFile; fileRef = DADE7AEF152E170300F0F680 /* Localizable.strings */; };
		DAE595481578133C0039D894 /* CharacteristicCell.m in Sources */ = {isa = PBXBuildFile; fileRef = DAE595471578133C0039D894 /* CharacteristicCell.m */; };
		DAE5954D157814B10039D894 /* CharacteristicCell.xib in Resources */ = {isa = PBXBuildFile; fileRef = DAE5954C157814B10039D894 /* CharacteristicCell.xib */; };
		DAFB6903152D138800DC74CB /* LoginViewController.m in Sources */ = {isa = PBXBuildFile; fileRef = DAFB6902152D138800DC74CB /* LoginViewController.m */; };
/* End PBXBuildFile section */

/* Begin PBXContainerItemProxy section */
		DA72AA541563FDB200FC7E30 /* PBXContainerItemProxy */ = {
			isa = PBXContainerItemProxy;
			containerPortal = A9C59FED1517A78500A3F8C5 /* Project object */;
			proxyType = 1;
			remoteGlobalIDString = A9C59FF51517A78500A3F8C5;
			remoteInfo = myWine;
		};
/* End PBXContainerItemProxy section */

/* Begin PBXFileReference section */
		65826F4E1566629300C3D2AD /* logo.png */ = {isa = PBXFileReference; lastKnownFileType = image.png; path = logo.png; sourceTree = "<group>"; };
		65846630156034BE003CB644 /* Tests.octest */ = {isa = PBXFileReference; explicitFileType = wrapper.cfbundle; includeInIndex = 0; path = Tests.octest; sourceTree = BUILT_PRODUCTS_DIR; };
		65846631156034BE003CB644 /* SenTestingKit.framework */ = {isa = PBXFileReference; lastKnownFileType = wrapper.framework; name = SenTestingKit.framework; path = Library/Frameworks/SenTestingKit.framework; sourceTree = DEVELOPER_DIR; };
		65846637156034BE003CB644 /* Tests-Info.plist */ = {isa = PBXFileReference; lastKnownFileType = text.plist.xml; path = "Tests-Info.plist"; sourceTree = "<group>"; };
		65846639156034BE003CB644 /* en */ = {isa = PBXFileReference; lastKnownFileType = text.plist.strings; name = en; path = en.lproj/InfoPlist.strings; sourceTree = "<group>"; };
		6584663B156034BE003CB644 /* Tests.h */ = {isa = PBXFileReference; lastKnownFileType = sourcecode.c.h; path = Tests.h; sourceTree = "<group>"; };
		6584663C156034BE003CB644 /* Tests.m */ = {isa = PBXFileReference; lastKnownFileType = sourcecode.c.objc; path = Tests.m; sourceTree = "<group>"; };
		6584663E156034BE003CB644 /* Tests-Prefix.pch */ = {isa = PBXFileReference; lastKnownFileType = sourcecode.c.h; path = "Tests-Prefix.pch"; sourceTree = "<group>"; };
		6591893D1577CFF100D814C3 /* backgroundLandscape.png */ = {isa = PBXFileReference; lastKnownFileType = image.png; path = backgroundLandscape.png; sourceTree = "<group>"; };
		6591893E1577CFF100D814C3 /* backgroundPortrait.png */ = {isa = PBXFileReference; lastKnownFileType = image.png; path = backgroundPortrait.png; sourceTree = "<group>"; };
		6591893F1577CFF100D814C3 /* DroidSans-Bold.ttf */ = {isa = PBXFileReference; lastKnownFileType = file; path = "DroidSans-Bold.ttf"; sourceTree = "<group>"; };
		659189401577CFF100D814C3 /* DroidSans.ttf */ = {isa = PBXFileReference; lastKnownFileType = file; path = DroidSans.ttf; sourceTree = "<group>"; };
		65EFEBA81573C9770087F155 /* material mywine-03.png */ = {isa = PBXFileReference; lastKnownFileType = image.png; path = "material mywine-03.png"; sourceTree = "<group>"; };
		65EFEBA91573C9770087F155 /* material mywine-04.png */ = {isa = PBXFileReference; lastKnownFileType = image.png; path = "material mywine-04.png"; sourceTree = "<group>"; };
		65EFEBAA1573C9770087F155 /* material mywine-05.png */ = {isa = PBXFileReference; lastKnownFileType = image.png; path = "material mywine-05.png"; sourceTree = "<group>"; };
		65EFEBAB1573C9770087F155 /* material mywine-06.png */ = {isa = PBXFileReference; lastKnownFileType = image.png; path = "material mywine-06.png"; sourceTree = "<group>"; };
		65EFEBAC1573C9770087F155 /* material mywine-07.png */ = {isa = PBXFileReference; lastKnownFileType = image.png; path = "material mywine-07.png"; sourceTree = "<group>"; };
		65EFEBAD1573C9770087F155 /* material mywine-08.png */ = {isa = PBXFileReference; lastKnownFileType = image.png; path = "material mywine-08.png"; sourceTree = "<group>"; };
		65EFEBAE1573C9770087F155 /* material mywine-09.png */ = {isa = PBXFileReference; lastKnownFileType = image.png; path = "material mywine-09.png"; sourceTree = "<group>"; };
		65EFEBAF1573C9770087F155 /* material mywine-10.png */ = {isa = PBXFileReference; lastKnownFileType = image.png; path = "material mywine-10.png"; sourceTree = "<group>"; };
		65EFEBB01573C9770087F155 /* material mywine-11.png */ = {isa = PBXFileReference; lastKnownFileType = image.png; path = "material mywine-11.png"; sourceTree = "<group>"; };
		65EFEBB11573C9770087F155 /* material mywine-12.png */ = {isa = PBXFileReference; lastKnownFileType = image.png; path = "material mywine-12.png"; sourceTree = "<group>"; };
		65EFEBB21573C9770087F155 /* material mywine-13.png */ = {isa = PBXFileReference; lastKnownFileType = image.png; path = "material mywine-13.png"; sourceTree = "<group>"; };
		65EFEBB31573C9770087F155 /* material mywine-14.png */ = {isa = PBXFileReference; lastKnownFileType = image.png; path = "material mywine-14.png"; sourceTree = "<group>"; };
		65EFEBB41573C9770087F155 /* material mywine-15.png */ = {isa = PBXFileReference; lastKnownFileType = image.png; path = "material mywine-15.png"; sourceTree = "<group>"; };
		65EFEBB51573C9770087F155 /* material mywine-16.png */ = {isa = PBXFileReference; lastKnownFileType = image.png; path = "material mywine-16.png"; sourceTree = "<group>"; };
		65EFEBB61573C9770087F155 /* material mywine-17.png */ = {isa = PBXFileReference; lastKnownFileType = image.png; path = "material mywine-17.png"; sourceTree = "<group>"; };
		A0C6646E155448CC004C798E /* ListaRegioesViewController.h */ = {isa = PBXFileReference; fileEncoding = 4; lastKnownFileType = sourcecode.c.h; path = ListaRegioesViewController.h; sourceTree = "<group>"; };
		A0C6646F155448CC004C798E /* ListaRegioesViewController.m */ = {isa = PBXFileReference; fileEncoding = 4; lastKnownFileType = sourcecode.c.objc; path = ListaRegioesViewController.m; sourceTree = "<group>"; };
		A97583651519F60C009B5F68 /* inicial.png */ = {isa = PBXFileReference; lastKnownFileType = image.png; path = inicial.png; sourceTree = "<group>"; };
		A97583681519F743009B5F68 /* images.jpeg */ = {isa = PBXFileReference; lastKnownFileType = image.jpeg; path = images.jpeg; sourceTree = "<group>"; };
		A975188115191F3700EAC591 /* ProvaViewController.h */ = {isa = PBXFileReference; fileEncoding = 4; lastKnownFileType = sourcecode.c.h; path = ProvaViewController.h; sourceTree = "<group>"; };
		A975188215191F3700EAC591 /* ProvaViewController.m */ = {isa = PBXFileReference; fileEncoding = 4; lastKnownFileType = sourcecode.c.objc; path = ProvaViewController.m; sourceTree = "<group>"; };
		A9758370151A0151009B5F68 /* 117-todo.png */ = {isa = PBXFileReference; lastKnownFileType = image.png; path = "117-todo.png"; sourceTree = "<group>"; };
		A9758372151A01A2009B5F68 /* 18-envelope.png */ = {isa = PBXFileReference; lastKnownFileType = image.png; path = "18-envelope.png"; sourceTree = "<group>"; };
		A975DE00151A3CCB002FC7FB /* 02-redo.png */ = {isa = PBXFileReference; lastKnownFileType = image.png; path = "02-redo.png"; sourceTree = "<group>"; };
		A979EDA915668FCB00E94A34 /* Utils.h */ = {isa = PBXFileReference; fileEncoding = 4; lastKnownFileType = sourcecode.c.h; path = Utils.h; sourceTree = SOURCE_ROOT; };
		A979EDAA15668FCB00E94A34 /* Utils.m */ = {isa = PBXFileReference; fileEncoding = 4; lastKnownFileType = sourcecode.c.objc; path = Utils.m; sourceTree = SOURCE_ROOT; };
		A97D9D74151A3230007CF723 /* 53-house.png */ = {isa = PBXFileReference; lastKnownFileType = image.png; path = "53-house.png"; sourceTree = "<group>"; };
		A97D9D77151A397B007CF723 /* 86-camera.png */ = {isa = PBXFileReference; lastKnownFileType = image.png; path = "86-camera.png"; sourceTree = "<group>"; };
		A9A69B97151FC41000FC9073 /* FotoViewController.h */ = {isa = PBXFileReference; fileEncoding = 4; lastKnownFileType = sourcecode.c.h; path = FotoViewController.h; sourceTree = "<group>"; };
		A9A69B98151FC41000FC9073 /* FotoViewController.m */ = {isa = PBXFileReference; fileEncoding = 4; lastKnownFileType = sourcecode.c.objc; path = FotoViewController.m; sourceTree = "<group>"; };
		A9A69B9A151FCDE100FC9073 /* SyncViewController.h */ = {isa = PBXFileReference; fileEncoding = 4; lastKnownFileType = sourcecode.c.h; path = SyncViewController.h; sourceTree = "<group>"; };
		A9A69B9B151FCDE200FC9073 /* SyncViewController.m */ = {isa = PBXFileReference; fileEncoding = 4; lastKnownFileType = sourcecode.c.objc; path = SyncViewController.m; sourceTree = "<group>"; };
		A9A69B9D151FCEC500FC9073 /* NovaProvaViewController.h */ = {isa = PBXFileReference; fileEncoding = 4; lastKnownFileType = sourcecode.c.h; path = NovaProvaViewController.h; sourceTree = "<group>"; };
		A9A69B9E151FCEC500FC9073 /* NovaProvaViewController.m */ = {isa = PBXFileReference; fileEncoding = 4; lastKnownFileType = sourcecode.c.objc; path = NovaProvaViewController.m; sourceTree = "<group>"; };
		A9B04E591519DE3B00DC32CF /* Settings.bundle */ = {isa = PBXFileReference; lastKnownFileType = "wrapper.plug-in"; path = Settings.bundle; sourceTree = "<group>"; };
		A9BDB691151A4F420032921A /* 06-magnify.png */ = {isa = PBXFileReference; lastKnownFileType = image.png; path = "06-magnify.png"; sourceTree = "<group>"; };
		A9BE2C101518C254002E4E2A /* ListaProvasViewController.h */ = {isa = PBXFileReference; fileEncoding = 4; lastKnownFileType = sourcecode.c.h; path = ListaProvasViewController.h; sourceTree = "<group>"; };
		A9BE2C111518C254002E4E2A /* ListaProvasViewController.m */ = {isa = PBXFileReference; fileEncoding = 4; lastKnownFileType = sourcecode.c.objc; path = ListaProvasViewController.m; sourceTree = "<group>"; };
		A9BE2C141518C330002E4E2A /* Prova.h */ = {isa = PBXFileReference; fileEncoding = 4; lastKnownFileType = sourcecode.c.h; path = Prova.h; sourceTree = "<group>"; };
		A9BE2C151518C330002E4E2A /* Prova.m */ = {isa = PBXFileReference; fileEncoding = 4; lastKnownFileType = sourcecode.c.objc; path = Prova.m; sourceTree = "<group>"; };
		A9BFB2C2151D442600588B59 /* 184-warning.png */ = {isa = PBXFileReference; lastKnownFileType = image.png; path = "184-warning.png"; sourceTree = "<group>"; };
		A9BFB2C4151D468500588B59 /* NovoVinhoViewController.h */ = {isa = PBXFileReference; fileEncoding = 4; lastKnownFileType = sourcecode.c.h; path = NovoVinhoViewController.h; sourceTree = "<group>"; };
		A9BFB2C5151D468500588B59 /* NovoVinhoViewController.m */ = {isa = PBXFileReference; fileEncoding = 4; lastKnownFileType = sourcecode.c.objc; path = NovoVinhoViewController.m; sourceTree = "<group>"; };
		A9C28882151FBB4400C2F58D /* VinhoViewController.h */ = {isa = PBXFileReference; fileEncoding = 4; lastKnownFileType = sourcecode.c.h; path = VinhoViewController.h; sourceTree = "<group>"; };
		A9C28883151FBB4400C2F58D /* VinhoViewController.m */ = {isa = PBXFileReference; fileEncoding = 4; lastKnownFileType = sourcecode.c.objc; path = VinhoViewController.m; sourceTree = "<group>"; };
		A9C59FF61517A78500A3F8C5 /* myWine.app */ = {isa = PBXFileReference; explicitFileType = wrapper.application; includeInIndex = 0; path = myWine.app; sourceTree = BUILT_PRODUCTS_DIR; };
		A9C59FFA1517A78500A3F8C5 /* UIKit.framework */ = {isa = PBXFileReference; lastKnownFileType = wrapper.framework; name = UIKit.framework; path = System/Library/Frameworks/UIKit.framework; sourceTree = SDKROOT; };
		A9C59FFC1517A78500A3F8C5 /* Foundation.framework */ = {isa = PBXFileReference; lastKnownFileType = wrapper.framework; name = Foundation.framework; path = System/Library/Frameworks/Foundation.framework; sourceTree = SDKROOT; };
		A9C59FFE1517A78500A3F8C5 /* CoreGraphics.framework */ = {isa = PBXFileReference; lastKnownFileType = wrapper.framework; name = CoreGraphics.framework; path = System/Library/Frameworks/CoreGraphics.framework; sourceTree = SDKROOT; };
		A9C5A0021517A78600A3F8C5 /* myWine-Info.plist */ = {isa = PBXFileReference; lastKnownFileType = text.plist.xml; path = "myWine-Info.plist"; sourceTree = "<group>"; };
		A9C5A0041517A78600A3F8C5 /* en */ = {isa = PBXFileReference; lastKnownFileType = text.plist.strings; name = en; path = en.lproj/InfoPlist.strings; sourceTree = "<group>"; };
		A9C5A0061517A78600A3F8C5 /* main.m */ = {isa = PBXFileReference; lastKnownFileType = sourcecode.c.objc; path = main.m; sourceTree = "<group>"; };
		A9C5A0081517A78600A3F8C5 /* myWine-Prefix.pch */ = {isa = PBXFileReference; lastKnownFileType = sourcecode.c.h; path = "myWine-Prefix.pch"; sourceTree = "<group>"; };
		A9C5A0091517A78600A3F8C5 /* AppDelegate.h */ = {isa = PBXFileReference; lastKnownFileType = sourcecode.c.h; path = AppDelegate.h; sourceTree = "<group>"; };
		A9C5A00A1517A78600A3F8C5 /* AppDelegate.m */ = {isa = PBXFileReference; lastKnownFileType = sourcecode.c.objc; path = AppDelegate.m; sourceTree = "<group>"; };
		A9C5A00F1517A78600A3F8C5 /* ListaVinhosViewController.h */ = {isa = PBXFileReference; lastKnownFileType = sourcecode.c.h; path = ListaVinhosViewController.h; sourceTree = "<group>"; };
		A9C5A0101517A78600A3F8C5 /* ListaVinhosViewController.m */ = {isa = PBXFileReference; lastKnownFileType = sourcecode.c.objc; path = ListaVinhosViewController.m; sourceTree = "<group>"; };
		A9C5A0121517A78600A3F8C5 /* DetailViewController.h */ = {isa = PBXFileReference; lastKnownFileType = sourcecode.c.h; path = DetailViewController.h; sourceTree = "<group>"; };
		A9C5A0131517A78600A3F8C5 /* DetailViewController.m */ = {isa = PBXFileReference; lastKnownFileType = sourcecode.c.objc; path = DetailViewController.m; sourceTree = "<group>"; };
		A9C5A0231517AB0E00A3F8C5 /* icon.png */ = {isa = PBXFileReference; lastKnownFileType = image.png; path = icon.png; sourceTree = "<group>"; };
		A9F0B4B91524731F003C931B /* FiltrosViewController.h */ = {isa = PBXFileReference; fileEncoding = 4; lastKnownFileType = sourcecode.c.h; path = FiltrosViewController.h; sourceTree = "<group>"; };
		A9F0B4BA1524731F003C931B /* FiltrosViewController.m */ = {isa = PBXFileReference; fileEncoding = 4; lastKnownFileType = sourcecode.c.objc; path = FiltrosViewController.m; sourceTree = "<group>"; };
		A9F0B4BD152477C9003C931B /* ComparadorViewController.h */ = {isa = PBXFileReference; fileEncoding = 4; lastKnownFileType = sourcecode.c.h; path = ComparadorViewController.h; sourceTree = "<group>"; };
		A9F0B4BE152477C9003C931B /* ComparadorViewController.m */ = {isa = PBXFileReference; fileEncoding = 4; lastKnownFileType = sourcecode.c.objc; path = ComparadorViewController.m; sourceTree = "<group>"; };
		BCC8EBB71563E36B006645BC /* NSMutableArray+ProvasMutableArray.h */ = {isa = PBXFileReference; fileEncoding = 4; lastKnownFileType = sourcecode.c.h; path = "NSMutableArray+ProvasMutableArray.h"; sourceTree = "<group>"; };
		BCC8EBB81563E36B006645BC /* NSMutableArray+ProvasMutableArray.m */ = {isa = PBXFileReference; fileEncoding = 4; lastKnownFileType = sourcecode.c.objc; path = "NSMutableArray+ProvasMutableArray.m"; sourceTree = "<group>"; };
		D3231D9D15480DF700F09BAC /* DroidSerif-Bold.ttf */ = {isa = PBXFileReference; lastKnownFileType = file; path = "DroidSerif-Bold.ttf"; sourceTree = "<group>"; };
		D3231D9E15480DF700F09BAC /* DroidSerif-BoldItalic.ttf */ = {isa = PBXFileReference; lastKnownFileType = file; path = "DroidSerif-BoldItalic.ttf"; sourceTree = "<group>"; };
		D3231D9F15480DF700F09BAC /* DroidSerif-Italic.ttf */ = {isa = PBXFileReference; lastKnownFileType = file; path = "DroidSerif-Italic.ttf"; sourceTree = "<group>"; };
		D3231DA015480DF700F09BAC /* DroidSerif-Regular.ttf */ = {isa = PBXFileReference; lastKnownFileType = file; path = "DroidSerif-Regular.ttf"; sourceTree = "<group>"; };
		D328B96C153F254700EA4501 /* DatabaseDefinitions.c */ = {isa = PBXFileReference; fileEncoding = 4; lastKnownFileType = sourcecode.c.c; path = DatabaseDefinitions.c; sourceTree = "<group>"; };
		D33F4B6C15702F00003C0BC5 /* SeccaoCaracteristica.h */ = {isa = PBXFileReference; fileEncoding = 4; lastKnownFileType = sourcecode.c.h; path = SeccaoCaracteristica.h; sourceTree = "<group>"; };
		D33F4B6D15702F00003C0BC5 /* SeccaoCaracteristica.m */ = {isa = PBXFileReference; fileEncoding = 4; lastKnownFileType = sourcecode.c.objc; path = SeccaoCaracteristica.m; sourceTree = "<group>"; };
		D3500EF1154C458400FB85E3 /* Seccao.h */ = {isa = PBXFileReference; fileEncoding = 4; lastKnownFileType = sourcecode.c.h; path = Seccao.h; sourceTree = "<group>"; };
		D3500EF2154C458400FB85E3 /* Seccao.m */ = {isa = PBXFileReference; fileEncoding = 4; lastKnownFileType = sourcecode.c.objc; path = Seccao.m; sourceTree = "<group>"; };
		D3500EF4154C459600FB85E3 /* Classificacao.h */ = {isa = PBXFileReference; fileEncoding = 4; lastKnownFileType = sourcecode.c.h; path = Classificacao.h; sourceTree = "<group>"; };
		D3500EF5154C459600FB85E3 /* Classificacao.m */ = {isa = PBXFileReference; fileEncoding = 4; lastKnownFileType = sourcecode.c.objc; path = Classificacao.m; sourceTree = "<group>"; };
		D3500EF7154C45D800FB85E3 /* Caracteristica.h */ = {isa = PBXFileReference; fileEncoding = 4; lastKnownFileType = sourcecode.c.h; path = Caracteristica.h; sourceTree = "<group>"; };
		D3500EF8154C45D800FB85E3 /* Caracteristica.m */ = {isa = PBXFileReference; fileEncoding = 4; lastKnownFileType = sourcecode.c.objc; path = Caracteristica.m; sourceTree = "<group>"; };
		D3500EFA154C45EE00FB85E3 /* Criterio.h */ = {isa = PBXFileReference; fileEncoding = 4; lastKnownFileType = sourcecode.c.h; path = Criterio.h; sourceTree = "<group>"; };
		D3500EFB154C45EE00FB85E3 /* Criterio.m */ = {isa = PBXFileReference; fileEncoding = 4; lastKnownFileType = sourcecode.c.objc; path = Criterio.m; sourceTree = "<group>"; };
		D3637DCB153E305E00A9B928 /* Database.h */ = {isa = PBXFileReference; fileEncoding = 4; lastKnownFileType = sourcecode.c.h; path = Database.h; sourceTree = "<group>"; };
		D3637DCC153E305E00A9B928 /* Database.m */ = {isa = PBXFileReference; fileEncoding = 4; lastKnownFileType = sourcecode.c.objc; path = Database.m; sourceTree = "<group>"; };
		D3637DCE153E30A600A9B928 /* DatatabaseDefinitions.h */ = {isa = PBXFileReference; lastKnownFileType = sourcecode.c.h; path = DatatabaseDefinitions.h; sourceTree = "<group>"; };
		D3637DCF153E31DA00A9B928 /* Query.h */ = {isa = PBXFileReference; fileEncoding = 4; lastKnownFileType = sourcecode.c.h; path = Query.h; sourceTree = "<group>"; };
		D3637DD0153E31DA00A9B928 /* Query.m */ = {isa = PBXFileReference; fileEncoding = 4; lastKnownFileType = sourcecode.c.objc; path = Query.m; sourceTree = "<group>"; };
		D3637DD2153E322800A9B928 /* libsqlite3.dylib */ = {isa = PBXFileReference; lastKnownFileType = "compiled.mach-o.dylib"; name = libsqlite3.dylib; path = usr/lib/libsqlite3.dylib; sourceTree = SDKROOT; };
		D37D1779155DC249005E502A /* Sincronizacao.h */ = {isa = PBXFileReference; fileEncoding = 4; lastKnownFileType = sourcecode.c.h; path = Sincronizacao.h; sourceTree = "<group>"; };
		D37D177A155DC249005E502A /* Sincronizacao.m */ = {isa = PBXFileReference; fileEncoding = 4; lastKnownFileType = sourcecode.c.objc; path = Sincronizacao.m; sourceTree = "<group>"; };
		D37D40D1154D9BDA00A11E6F /* Regiao.h */ = {isa = PBXFileReference; fileEncoding = 4; lastKnownFileType = sourcecode.c.h; path = Regiao.h; sourceTree = "<group>"; };
		D37D40D2154D9BDB00A11E6F /* Regiao.m */ = {isa = PBXFileReference; fileEncoding = 4; lastKnownFileType = sourcecode.c.objc; path = Regiao.m; sourceTree = "<group>"; };
		D37D40D4154D9E1400A11E6F /* TipoVinho.h */ = {isa = PBXFileReference; fileEncoding = 4; lastKnownFileType = sourcecode.c.h; path = TipoVinho.h; sourceTree = "<group>"; };
		D37D40D5154D9E1400A11E6F /* TipoVinho.m */ = {isa = PBXFileReference; fileEncoding = 4; lastKnownFileType = sourcecode.c.objc; path = TipoVinho.m; sourceTree = "<group>"; };
		DA019F521570400E00CC589A /* CriterionCell.xib */ = {isa = PBXFileReference; fileEncoding = 4; lastKnownFileType = file.xib; path = CriterionCell.xib; sourceTree = "<group>"; };
		DA019F54157046A200CC589A /* CriterionCell.h */ = {isa = PBXFileReference; fileEncoding = 4; lastKnownFileType = sourcecode.c.h; path = CriterionCell.h; sourceTree = "<group>"; };
		DA019F55157046A200CC589A /* CriterionCell.m */ = {isa = PBXFileReference; fileEncoding = 4; lastKnownFileType = sourcecode.c.objc; path = CriterionCell.m; sourceTree = "<group>"; };
		DA06B865153FA0C800D03DD9 /* NSMutableArray+VinhosMutableArray.h */ = {isa = PBXFileReference; fileEncoding = 4; lastKnownFileType = sourcecode.c.h; path = "NSMutableArray+VinhosMutableArray.h"; sourceTree = "<group>"; };
		DA06B866153FA0C800D03DD9 /* NSMutableArray+VinhosMutableArray.m */ = {isa = PBXFileReference; fileEncoding = 4; lastKnownFileType = sourcecode.c.objc; path = "NSMutableArray+VinhosMutableArray.m"; sourceTree = "<group>"; };
		DA498F12153D6659009C4072 /* User.h */ = {isa = PBXFileReference; fileEncoding = 4; lastKnownFileType = sourcecode.c.h; path = User.h; sourceTree = "<group>"; };
		DA498F13153D6659009C4072 /* User.m */ = {isa = PBXFileReference; fileEncoding = 4; lastKnownFileType = sourcecode.c.objc; path = User.m; sourceTree = "<group>"; };
		DA631DDE156EA7F2003EC91B /* CurrencyViewController.h */ = {isa = PBXFileReference; fileEncoding = 4; lastKnownFileType = sourcecode.c.h; path = CurrencyViewController.h; sourceTree = "<group>"; };
		DA631DDF156EA7F2003EC91B /* CurrencyViewController.m */ = {isa = PBXFileReference; fileEncoding = 4; lastKnownFileType = sourcecode.c.objc; path = CurrencyViewController.m; sourceTree = "<group>"; };
		DA7D48A2152E0AAD00C525FB /* Language.h */ = {isa = PBXFileReference; fileEncoding = 4; lastKnownFileType = sourcecode.c.h; path = Language.h; sourceTree = "<group>"; };
		DA7D48A3152E0AAD00C525FB /* Language.m */ = {isa = PBXFileReference; fileEncoding = 4; lastKnownFileType = sourcecode.c.objc; path = Language.m; sourceTree = "<group>"; };
		DA9031F315785609006E0E34 /* SectionItemCell.h */ = {isa = PBXFileReference; fileEncoding = 4; lastKnownFileType = sourcecode.c.h; path = SectionItemCell.h; sourceTree = "<group>"; };
		DA9031F415785609006E0E34 /* SectionItemCell.m */ = {isa = PBXFileReference; fileEncoding = 4; lastKnownFileType = sourcecode.c.objc; path = SectionItemCell.m; sourceTree = "<group>"; };
		DA91312815767E7300D37BA0 /* slider_thumb.png */ = {isa = PBXFileReference; lastKnownFileType = image.png; path = slider_thumb.png; sourceTree = "<group>"; };
		DA91312F1576812500D37BA0 /* UIColor+myWineColor.h */ = {isa = PBXFileReference; fileEncoding = 4; lastKnownFileType = sourcecode.c.h; path = "UIColor+myWineColor.h"; sourceTree = "<group>"; };
		DA9131301576812500D37BA0 /* UIColor+myWineColor.m */ = {isa = PBXFileReference; fileEncoding = 4; lastKnownFileType = sourcecode.c.objc; path = "UIColor+myWineColor.m"; sourceTree = "<group>"; };
		DA993CDC153F22E7009D3E13 /* Vinho.h */ = {isa = PBXFileReference; fileEncoding = 4; lastKnownFileType = sourcecode.c.h; path = Vinho.h; sourceTree = "<group>"; };
		DA993CDD153F22E7009D3E13 /* Vinho.m */ = {isa = PBXFileReference; fileEncoding = 4; lastKnownFileType = sourcecode.c.objc; path = Vinho.m; sourceTree = "<group>"; };
		DAC99B7D155AE3EA00D9C04F /* SubstitutableTabBarControllerViewController.h */ = {isa = PBXFileReference; fileEncoding = 4; lastKnownFileType = sourcecode.c.h; path = SubstitutableTabBarControllerViewController.h; sourceTree = "<group>"; };
		DAC99B7E155AE3EA00D9C04F /* SubstitutableTabBarControllerViewController.m */ = {isa = PBXFileReference; fileEncoding = 4; lastKnownFileType = sourcecode.c.objc; path = SubstitutableTabBarControllerViewController.m; sourceTree = "<group>"; };
		DAC99B83155B0B7B00D9C04F /* ProvaViewController.h */ = {isa = PBXFileReference; fileEncoding = 4; lastKnownFileType = sourcecode.c.h; path = ProvaViewController.h; sourceTree = "<group>"; };
		DAC99B84155B0B7B00D9C04F /* ProvaViewController.m */ = {isa = PBXFileReference; fileEncoding = 4; lastKnownFileType = sourcecode.c.objc; path = ProvaViewController.m; sourceTree = "<group>"; };
		DADADA5315541E04008A9FBB /* ListaPaisesViewController.h */ = {isa = PBXFileReference; fileEncoding = 4; lastKnownFileType = sourcecode.c.h; path = ListaPaisesViewController.h; sourceTree = "<group>"; };
		DADADA5415541E04008A9FBB /* ListaPaisesViewController.m */ = {isa = PBXFileReference; fileEncoding = 4; lastKnownFileType = sourcecode.c.objc; path = ListaPaisesViewController.m; sourceTree = "<group>"; };
		DADADA5715542420008A9FBB /* Pais.h */ = {isa = PBXFileReference; fileEncoding = 4; lastKnownFileType = sourcecode.c.h; path = Pais.h; sourceTree = "<group>"; };
		DADADA5815542420008A9FBB /* Pais.m */ = {isa = PBXFileReference; fileEncoding = 4; lastKnownFileType = sourcecode.c.objc; path = Pais.m; sourceTree = "<group>"; };
		DADE3BC915480E2000465551 /* cell_bg_gradient.png */ = {isa = PBXFileReference; lastKnownFileType = image.png; path = cell_bg_gradient.png; sourceTree = "<group>"; };
		DADE7AD9152E136400F0F680 /* MainStoryboard.storyboard */ = {isa = PBXFileReference; fileEncoding = 4; lastKnownFileType = file.storyboard; path = MainStoryboard.storyboard; sourceTree = "<group>"; };
		DADE7AF0152E170300F0F680 /* en */ = {isa = PBXFileReference; lastKnownFileType = text.plist.strings; name = en; path = myWine/en.lproj/Localizable.strings; sourceTree = "<group>"; };
		DADE7AF2152E170D00F0F680 /* fr */ = {isa = PBXFileReference; lastKnownFileType = text.plist.strings; name = fr; path = myWine/fr.lproj/Localizable.strings; sourceTree = "<group>"; };
		DADE7AF4152E175B00F0F680 /* pt */ = {isa = PBXFileReference; lastKnownFileType = text.plist.strings; name = pt; path = myWine/pt.lproj/Localizable.strings; sourceTree = "<group>"; };
		DAE595461578133C0039D894 /* CharacteristicCell.h */ = {isa = PBXFileReference; fileEncoding = 4; lastKnownFileType = sourcecode.c.h; path = CharacteristicCell.h; sourceTree = "<group>"; };
		DAE595471578133C0039D894 /* CharacteristicCell.m */ = {isa = PBXFileReference; fileEncoding = 4; lastKnownFileType = sourcecode.c.objc; path = CharacteristicCell.m; sourceTree = "<group>"; };
		DAE5954C157814B10039D894 /* CharacteristicCell.xib */ = {isa = PBXFileReference; fileEncoding = 4; lastKnownFileType = file.xib; path = CharacteristicCell.xib; sourceTree = "<group>"; };
		DAFB6901152D138800DC74CB /* LoginViewController.h */ = {isa = PBXFileReference; fileEncoding = 4; lastKnownFileType = sourcecode.c.h; path = LoginViewController.h; sourceTree = "<group>"; };
		DAFB6902152D138800DC74CB /* LoginViewController.m */ = {isa = PBXFileReference; fileEncoding = 4; lastKnownFileType = sourcecode.c.objc; path = LoginViewController.m; sourceTree = "<group>"; };
/* End PBXFileReference section */

/* Begin PBXFrameworksBuildPhase section */
		6584662C156034BE003CB644 /* Frameworks */ = {
			isa = PBXFrameworksBuildPhase;
			buildActionMask = 2147483647;
			files = (
				65846632156034BE003CB644 /* SenTestingKit.framework in Frameworks */,
				65846633156034BE003CB644 /* UIKit.framework in Frameworks */,
				65846634156034BE003CB644 /* Foundation.framework in Frameworks */,
			);
			runOnlyForDeploymentPostprocessing = 0;
		};
		A9C59FF31517A78500A3F8C5 /* Frameworks */ = {
			isa = PBXFrameworksBuildPhase;
			buildActionMask = 2147483647;
			files = (
				D3637DD3153E322800A9B928 /* libsqlite3.dylib in Frameworks */,
				A9C59FFB1517A78500A3F8C5 /* UIKit.framework in Frameworks */,
				A9C59FFD1517A78500A3F8C5 /* Foundation.framework in Frameworks */,
				A9C59FFF1517A78500A3F8C5 /* CoreGraphics.framework in Frameworks */,
			);
			runOnlyForDeploymentPostprocessing = 0;
		};
/* End PBXFrameworksBuildPhase section */

/* Begin PBXGroup section */
		65846635156034BE003CB644 /* Tests */ = {
			isa = PBXGroup;
			children = (
				6584663B156034BE003CB644 /* Tests.h */,
				6584663C156034BE003CB644 /* Tests.m */,
				65846636156034BE003CB644 /* Supporting Files */,
			);
			path = Tests;
			sourceTree = "<group>";
		};
		65846636156034BE003CB644 /* Supporting Files */ = {
			isa = PBXGroup;
			children = (
				65846637156034BE003CB644 /* Tests-Info.plist */,
				65846638156034BE003CB644 /* InfoPlist.strings */,
				6584663E156034BE003CB644 /* Tests-Prefix.pch */,
			);
			name = "Supporting Files";
			sourceTree = "<group>";
		};
		A9A69BA0151FDA3000FC9073 /* Main */ = {
			isa = PBXGroup;
			children = (
				DADE7AD9152E136400F0F680 /* MainStoryboard.storyboard */,
				A9C5A0091517A78600A3F8C5 /* AppDelegate.h */,
				A9C5A00A1517A78600A3F8C5 /* AppDelegate.m */,
			);
			name = Main;
			sourceTree = "<group>";
		};
		A9C28881151FBADE00C2F58D /* Classes */ = {
			isa = PBXGroup;
			children = (
				DA9031F315785609006E0E34 /* SectionItemCell.h */,
				DA019F54157046A200CC589A /* CriterionCell.h */,
				DAE595461578133C0039D894 /* CharacteristicCell.h */,
				DA9031F415785609006E0E34 /* SectionItemCell.m */,
				DA019F55157046A200CC589A /* CriterionCell.m */,
				DAE595471578133C0039D894 /* CharacteristicCell.m */,
				DA993CDC153F22E7009D3E13 /* Vinho.h */,
				DA993CDD153F22E7009D3E13 /* Vinho.m */,
				DA498F12153D6659009C4072 /* User.h */,
				DA498F13153D6659009C4072 /* User.m */,
				DA7D48A2152E0AAD00C525FB /* Language.h */,
				DA7D48A3152E0AAD00C525FB /* Language.m */,
				A9BE2C141518C330002E4E2A /* Prova.h */,
				A9BE2C151518C330002E4E2A /* Prova.m */,
				D3500EF1154C458400FB85E3 /* Seccao.h */,
				D3500EF2154C458400FB85E3 /* Seccao.m */,
				D3500EF4154C459600FB85E3 /* Classificacao.h */,
				D3500EF5154C459600FB85E3 /* Classificacao.m */,
				D3500EF7154C45D800FB85E3 /* Caracteristica.h */,
				D3500EF8154C45D800FB85E3 /* Caracteristica.m */,
				D3500EFA154C45EE00FB85E3 /* Criterio.h */,
				D3500EFB154C45EE00FB85E3 /* Criterio.m */,
				D37D40D1154D9BDA00A11E6F /* Regiao.h */,
				DADADA5715542420008A9FBB /* Pais.h */,
				DADADA5815542420008A9FBB /* Pais.m */,
				D37D40D2154D9BDB00A11E6F /* Regiao.m */,
				D37D40D4154D9E1400A11E6F /* TipoVinho.h */,
				D37D40D5154D9E1400A11E6F /* TipoVinho.m */,
				D37D1779155DC249005E502A /* Sincronizacao.h */,
				D37D177A155DC249005E502A /* Sincronizacao.m */,
				A979EDA915668FCB00E94A34 /* Utils.h */,
				A979EDAA15668FCB00E94A34 /* Utils.m */,
				D33F4B6C15702F00003C0BC5 /* SeccaoCaracteristica.h */,
				D33F4B6D15702F00003C0BC5 /* SeccaoCaracteristica.m */,
			);
			name = Classes;
			sourceTree = "<group>";
		};
		A9C59FEB1517A78500A3F8C5 = {
			isa = PBXGroup;
			children = (
				D3637DD2153E322800A9B928 /* libsqlite3.dylib */,
				A9B04E591519DE3B00DC32CF /* Settings.bundle */,
				A9C5A0231517AB0E00A3F8C5 /* icon.png */,
				A9C5A01A1517A7EF00A3F8C5 /* Resources */,
				A9C5A0001517A78600A3F8C5 /* myWine */,
				65846635156034BE003CB644 /* Tests */,
				A9C59FF91517A78500A3F8C5 /* Frameworks */,
				A9C59FF71517A78500A3F8C5 /* Products */,
			);
			sourceTree = "<group>";
		};
		A9C59FF71517A78500A3F8C5 /* Products */ = {
			isa = PBXGroup;
			children = (
				A9C59FF61517A78500A3F8C5 /* myWine.app */,
				65846630156034BE003CB644 /* Tests.octest */,
			);
			name = Products;
			sourceTree = "<group>";
		};
		A9C59FF91517A78500A3F8C5 /* Frameworks */ = {
			isa = PBXGroup;
			children = (
				A9C59FFA1517A78500A3F8C5 /* UIKit.framework */,
				A9C59FFC1517A78500A3F8C5 /* Foundation.framework */,
				A9C59FFE1517A78500A3F8C5 /* CoreGraphics.framework */,
				65846631156034BE003CB644 /* SenTestingKit.framework */,
			);
			name = Frameworks;
			sourceTree = "<group>";
		};
		A9C5A0001517A78600A3F8C5 /* myWine */ = {
			isa = PBXGroup;
			children = (
				DA019F5015703FFB00CC589A /* Interfaces */,
				DA06B863153FA0B800D03DD9 /* Categories */,
				D3637DCA153E303800A9B928 /* Database */,
				A9A69BA0151FDA3000FC9073 /* Main */,
				A9C28881151FBADE00C2F58D /* Classes */,
				A9CA2B4E151E496500A29DE3 /* ViewControllers */,
				A9C5A0011517A78600A3F8C5 /* Supporting Files */,
			);
			path = myWine;
			sourceTree = "<group>";
		};
		A9C5A0011517A78600A3F8C5 /* Supporting Files */ = {
			isa = PBXGroup;
			children = (
				DADE7AEF152E170300F0F680 /* Localizable.strings */,
				A9C5A0021517A78600A3F8C5 /* myWine-Info.plist */,
				A9C5A0031517A78600A3F8C5 /* InfoPlist.strings */,
				A9C5A0061517A78600A3F8C5 /* main.m */,
				A9C5A0081517A78600A3F8C5 /* myWine-Prefix.pch */,
			);
			name = "Supporting Files";
			sourceTree = "<group>";
		};
		A9C5A01A1517A7EF00A3F8C5 /* Resources */ = {
			isa = PBXGroup;
			children = (
				6591893D1577CFF100D814C3 /* backgroundLandscape.png */,
				6591893E1577CFF100D814C3 /* backgroundPortrait.png */,
				DA91312815767E7300D37BA0 /* slider_thumb.png */,
				65EFEBA81573C9770087F155 /* material mywine-03.png */,
				65EFEBA91573C9770087F155 /* material mywine-04.png */,
				65EFEBAA1573C9770087F155 /* material mywine-05.png */,
				65EFEBAB1573C9770087F155 /* material mywine-06.png */,
				65EFEBAC1573C9770087F155 /* material mywine-07.png */,
				65EFEBAD1573C9770087F155 /* material mywine-08.png */,
				65EFEBAE1573C9770087F155 /* material mywine-09.png */,
				65EFEBAF1573C9770087F155 /* material mywine-10.png */,
				65EFEBB01573C9770087F155 /* material mywine-11.png */,
				65EFEBB11573C9770087F155 /* material mywine-12.png */,
				65EFEBB21573C9770087F155 /* material mywine-13.png */,
				65EFEBB31573C9770087F155 /* material mywine-14.png */,
				65EFEBB41573C9770087F155 /* material mywine-15.png */,
				65EFEBB51573C9770087F155 /* material mywine-16.png */,
				65EFEBB61573C9770087F155 /* material mywine-17.png */,
				65826F4E1566629300C3D2AD /* logo.png */,
				6591893F1577CFF100D814C3 /* DroidSans-Bold.ttf */,
				659189401577CFF100D814C3 /* DroidSans.ttf */,
				D3231D9D15480DF700F09BAC /* DroidSerif-Bold.ttf */,
				D3231D9E15480DF700F09BAC /* DroidSerif-BoldItalic.ttf */,
				D3231D9F15480DF700F09BAC /* DroidSerif-Italic.ttf */,
				D3231DA015480DF700F09BAC /* DroidSerif-Regular.ttf */,
				DADE3BC915480E2000465551 /* cell_bg_gradient.png */,
				A9BFB2C2151D442600588B59 /* 184-warning.png */,
				A975DE00151A3CCB002FC7FB /* 02-redo.png */,
				A9BDB691151A4F420032921A /* 06-magnify.png */,
				A97D9D77151A397B007CF723 /* 86-camera.png */,
				A97D9D74151A3230007CF723 /* 53-house.png */,
				A9758372151A01A2009B5F68 /* 18-envelope.png */,
				A9758370151A0151009B5F68 /* 117-todo.png */,
			);
			name = Resources;
			sourceTree = "<group>";
		};
		A9CA2B4E151E496500A29DE3 /* ViewControllers */ = {
			isa = PBXGroup;
			children = (
				DAC99B7D155AE3EA00D9C04F /* SubstitutableTabBarControllerViewController.h */,
				DAC99B7E155AE3EA00D9C04F /* SubstitutableTabBarControllerViewController.m */,
				DA631DDE156EA7F2003EC91B /* CurrencyViewController.h */,
				DA631DDF156EA7F2003EC91B /* CurrencyViewController.m */,
				DAC99B83155B0B7B00D9C04F /* ProvaViewController.h */,
				DAC99B84155B0B7B00D9C04F /* ProvaViewController.m */,
				A0C6646E155448CC004C798E /* ListaRegioesViewController.h */,
				A0C6646F155448CC004C798E /* ListaRegioesViewController.m */,
				DADADA5315541E04008A9FBB /* ListaPaisesViewController.h */,
				DADADA5415541E04008A9FBB /* ListaPaisesViewController.m */,
				DAFB6901152D138800DC74CB /* LoginViewController.h */,
				DAFB6902152D138800DC74CB /* LoginViewController.m */,
				A9C5A00F1517A78600A3F8C5 /* ListaVinhosViewController.h */,
				A9C5A0101517A78600A3F8C5 /* ListaVinhosViewController.m */,
				A9BE2C101518C254002E4E2A /* ListaProvasViewController.h */,
				A9BE2C111518C254002E4E2A /* ListaProvasViewController.m */,
				A9A69B9D151FCEC500FC9073 /* NovaProvaViewController.h */,
				A9A69B9E151FCEC500FC9073 /* NovaProvaViewController.m */,
				A9BFB2C4151D468500588B59 /* NovoVinhoViewController.h */,
				A9BFB2C5151D468500588B59 /* NovoVinhoViewController.m */,
				A9A69B97151FC41000FC9073 /* FotoViewController.h */,
				A9A69B98151FC41000FC9073 /* FotoViewController.m */,
				A9C5A0121517A78600A3F8C5 /* DetailViewController.h */,
				A9C5A0131517A78600A3F8C5 /* DetailViewController.m */,
				A9C28882151FBB4400C2F58D /* VinhoViewController.h */,
				A9C28883151FBB4400C2F58D /* VinhoViewController.m */,
				A9A69B9A151FCDE100FC9073 /* SyncViewController.h */,
				A9A69B9B151FCDE200FC9073 /* SyncViewController.m */,
				A9F0B4B91524731F003C931B /* FiltrosViewController.h */,
				A9F0B4BA1524731F003C931B /* FiltrosViewController.m */,
				A9F0B4BD152477C9003C931B /* ComparadorViewController.h */,
				A9F0B4BE152477C9003C931B /* ComparadorViewController.m */,
			);
			name = ViewControllers;
			sourceTree = "<group>";
		};
		D3637DCA153E303800A9B928 /* Database */ = {
			isa = PBXGroup;
			children = (
				D3637DCB153E305E00A9B928 /* Database.h */,
				D3637DCC153E305E00A9B928 /* Database.m */,
				D3637DCE153E30A600A9B928 /* DatatabaseDefinitions.h */,
				D3637DCF153E31DA00A9B928 /* Query.h */,
				D3637DD0153E31DA00A9B928 /* Query.m */,
				D328B96C153F254700EA4501 /* DatabaseDefinitions.c */,
			);
			name = Database;
			sourceTree = "<group>";
		};
		DA019F5015703FFB00CC589A /* Interfaces */ = {
			isa = PBXGroup;
			children = (
				DA019F521570400E00CC589A /* CriterionCell.xib */,
				DAE5954C157814B10039D894 /* CharacteristicCell.xib */,
			);
			name = Interfaces;
			sourceTree = "<group>";
		};
		DA06B863153FA0B800D03DD9 /* Categories */ = {
			isa = PBXGroup;
			children = (
				DA91312F1576812500D37BA0 /* UIColor+myWineColor.h */,
				DA9131301576812500D37BA0 /* UIColor+myWineColor.m */,
				DA06B865153FA0C800D03DD9 /* NSMutableArray+VinhosMutableArray.h */,
				DA06B866153FA0C800D03DD9 /* NSMutableArray+VinhosMutableArray.m */,
				BCC8EBB71563E36B006645BC /* NSMutableArray+ProvasMutableArray.h */,
				BCC8EBB81563E36B006645BC /* NSMutableArray+ProvasMutableArray.m */,
			);
			name = Categories;
			sourceTree = "<group>";
		};
/* End PBXGroup section */

/* Begin PBXNativeTarget section */
		6584662F156034BE003CB644 /* Tests */ = {
			isa = PBXNativeTarget;
			buildConfigurationList = 65846641156034BE003CB644 /* Build configuration list for PBXNativeTarget "Tests" */;
			buildPhases = (
				6584662B156034BE003CB644 /* Sources */,
				6584662C156034BE003CB644 /* Frameworks */,
				6584662D156034BE003CB644 /* Resources */,
				6584662E156034BE003CB644 /* ShellScript */,
			);
			buildRules = (
			);
			dependencies = (
				DA72AA551563FDB200FC7E30 /* PBXTargetDependency */,
			);
			name = Tests;
			productName = Tests;
			productReference = 65846630156034BE003CB644 /* Tests.octest */;
			productType = "com.apple.product-type.bundle";
		};
		A9C59FF51517A78500A3F8C5 /* myWine */ = {
			isa = PBXNativeTarget;
			buildConfigurationList = A9C5A0171517A78600A3F8C5 /* Build configuration list for PBXNativeTarget "myWine" */;
			buildPhases = (
				A9C59FF21517A78500A3F8C5 /* Sources */,
				A9C59FF31517A78500A3F8C5 /* Frameworks */,
				A9C59FF41517A78500A3F8C5 /* Resources */,
			);
			buildRules = (
			);
			dependencies = (
			);
			name = myWine;
			productName = myWine;
			productReference = A9C59FF61517A78500A3F8C5 /* myWine.app */;
			productType = "com.apple.product-type.application";
		};
/* End PBXNativeTarget section */

/* Begin PBXProject section */
		A9C59FED1517A78500A3F8C5 /* Project object */ = {
			isa = PBXProject;
			attributes = {
				LastUpgradeCheck = 0430;
				ORGANIZATIONNAME = FEUP;
			};
			buildConfigurationList = A9C59FF01517A78500A3F8C5 /* Build configuration list for PBXProject "myWine" */;
			compatibilityVersion = "Xcode 3.2";
			developmentRegion = English;
			hasScannedForEncodings = 0;
			knownRegions = (
				en,
				fr,
				pt,
			);
			mainGroup = A9C59FEB1517A78500A3F8C5;
			productRefGroup = A9C59FF71517A78500A3F8C5 /* Products */;
			projectDirPath = "";
			projectRoot = "";
			targets = (
				A9C59FF51517A78500A3F8C5 /* myWine */,
				6584662F156034BE003CB644 /* Tests */,
			);
		};
/* End PBXProject section */

/* Begin PBXResourcesBuildPhase section */
		6584662D156034BE003CB644 /* Resources */ = {
			isa = PBXResourcesBuildPhase;
			buildActionMask = 2147483647;
			files = (
				6584663A156034BE003CB644 /* InfoPlist.strings in Resources */,
				659189411577CFF100D814C3 /* backgroundLandscape.png in Resources */,
				659189421577CFF100D814C3 /* backgroundPortrait.png in Resources */,
				659189431577CFF100D814C3 /* DroidSans-Bold.ttf in Resources */,
				659189441577CFF100D814C3 /* DroidSans.ttf in Resources */,
			);
			runOnlyForDeploymentPostprocessing = 0;
		};
		A9C59FF41517A78500A3F8C5 /* Resources */ = {
			isa = PBXResourcesBuildPhase;
			buildActionMask = 2147483647;
			files = (
				659189461577D17700D814C3 /* backgroundLandscape.png in Resources */,
				659189471577D17700D814C3 /* backgroundPortrait.png in Resources */,
				659189481577D17700D814C3 /* DroidSans-Bold.ttf in Resources */,
				659189491577D17700D814C3 /* DroidSans.ttf in Resources */,
				A9C5A0051517A78600A3F8C5 /* InfoPlist.strings in Resources */,
				A9C5A0241517AB0E00A3F8C5 /* icon.png in Resources */,
				A9B04E5A1519DE3B00DC32CF /* Settings.bundle in Resources */,
				A9758371151A0151009B5F68 /* 117-todo.png in Resources */,
				A9758373151A01A2009B5F68 /* 18-envelope.png in Resources */,
				A97D9D75151A3230007CF723 /* 53-house.png in Resources */,
				A97D9D78151A397B007CF723 /* 86-camera.png in Resources */,
				A975DE01151A3CCB002FC7FB /* 02-redo.png in Resources */,
				A9BDB692151A4F420032921A /* 06-magnify.png in Resources */,
				A9BFB2C3151D442600588B59 /* 184-warning.png in Resources */,
				DADE7ADA152E136400F0F680 /* MainStoryboard.storyboard in Resources */,
				DADE7AF1152E170300F0F680 /* Localizable.strings in Resources */,
				D3231DA3154814F400F09BAC /* DroidSerif-Bold.ttf in Resources */,
				D3231DA4154814F800F09BAC /* DroidSerif-BoldItalic.ttf in Resources */,
				D3231DA5154814FC00F09BAC /* DroidSerif-Italic.ttf in Resources */,
				D3231DA6154814FF00F09BAC /* DroidSerif-Regular.ttf in Resources */,
				DADE3BCA15480E2000465551 /* cell_bg_gradient.png in Resources */,
				65826F501566629300C3D2AD /* logo.png in Resources */,
				DA019F531570400E00CC589A /* CriterionCell.xib in Resources */,
				65EFEBB71573C9770087F155 /* material mywine-03.png in Resources */,
				65EFEBB81573C9770087F155 /* material mywine-04.png in Resources */,
				65EFEBB91573C9770087F155 /* material mywine-05.png in Resources */,
				65EFEBBA1573C9770087F155 /* material mywine-06.png in Resources */,
				65EFEBBB1573C9770087F155 /* material mywine-07.png in Resources */,
				65EFEBBC1573C9770087F155 /* material mywine-08.png in Resources */,
				65EFEBBD1573C9770087F155 /* material mywine-09.png in Resources */,
				65EFEBBE1573C9770087F155 /* material mywine-10.png in Resources */,
				65EFEBBF1573C9770087F155 /* material mywine-11.png in Resources */,
				65EFEBC01573C9770087F155 /* material mywine-12.png in Resources */,
				65EFEBC11573C9770087F155 /* material mywine-13.png in Resources */,
				65EFEBC21573C9770087F155 /* material mywine-14.png in Resources */,
				65EFEBC31573C9770087F155 /* material mywine-15.png in Resources */,
				65EFEBC41573C9770087F155 /* material mywine-16.png in Resources */,
				65EFEBC51573C9770087F155 /* material mywine-17.png in Resources */,
				DA91312915767E7300D37BA0 /* slider_thumb.png in Resources */,
				DAE5954D157814B10039D894 /* CharacteristicCell.xib in Resources */,
			);
			runOnlyForDeploymentPostprocessing = 0;
		};
/* End PBXResourcesBuildPhase section */

/* Begin PBXShellScriptBuildPhase section */
		6584662E156034BE003CB644 /* ShellScript */ = {
			isa = PBXShellScriptBuildPhase;
			buildActionMask = 2147483647;
			files = (
			);
			inputPaths = (
			);
			outputPaths = (
			);
			runOnlyForDeploymentPostprocessing = 0;
			shellPath = /bin/sh;
			shellScript = "# Run the unit tests in this test bundle.\n\"${SYSTEM_DEVELOPER_DIR}/Tools/RunUnitTests\"\n";
		};
/* End PBXShellScriptBuildPhase section */

/* Begin PBXSourcesBuildPhase section */
		6584662B156034BE003CB644 /* Sources */ = {
			isa = PBXSourcesBuildPhase;
			buildActionMask = 2147483647;
			files = (
				6584663D156034BE003CB644 /* Tests.m in Sources */,
			);
			runOnlyForDeploymentPostprocessing = 0;
		};
		A9C59FF21517A78500A3F8C5 /* Sources */ = {
			isa = PBXSourcesBuildPhase;
			buildActionMask = 2147483647;
			files = (
				A9C5A0071517A78600A3F8C5 /* main.m in Sources */,
				A9C5A00B1517A78600A3F8C5 /* AppDelegate.m in Sources */,
				A9C5A0111517A78600A3F8C5 /* ListaVinhosViewController.m in Sources */,
				A9C5A0141517A78600A3F8C5 /* DetailViewController.m in Sources */,
				A9BE2C121518C254002E4E2A /* ListaProvasViewController.m in Sources */,
				A9BE2C161518C330002E4E2A /* Prova.m in Sources */,
				A9BFB2C6151D468500588B59 /* NovoVinhoViewController.m in Sources */,
				A9C28884151FBB4400C2F58D /* VinhoViewController.m in Sources */,
				A9A69B99151FC41000FC9073 /* FotoViewController.m in Sources */,
				A9A69B9C151FCDE200FC9073 /* SyncViewController.m in Sources */,
				A9A69B9F151FCEC500FC9073 /* NovaProvaViewController.m in Sources */,
				A9F0B4BB1524731F003C931B /* FiltrosViewController.m in Sources */,
				A9F0B4BF152477C9003C931B /* ComparadorViewController.m in Sources */,
				DAFB6903152D138800DC74CB /* LoginViewController.m in Sources */,
				DA7D48A4152E0AAD00C525FB /* Language.m in Sources */,
				DA498F14153D6659009C4072 /* User.m in Sources */,
				D3637DCD153E305E00A9B928 /* Database.m in Sources */,
				D3637DD1153E31DA00A9B928 /* Query.m in Sources */,
				D328B96D153F254700EA4501 /* DatabaseDefinitions.c in Sources */,
				DA993CDE153F22E7009D3E13 /* Vinho.m in Sources */,
				DA06B867153FA0C800D03DD9 /* NSMutableArray+VinhosMutableArray.m in Sources */,
				D3500EF3154C458400FB85E3 /* Seccao.m in Sources */,
				D3500EF6154C459600FB85E3 /* Classificacao.m in Sources */,
				D3500EF9154C45D800FB85E3 /* Caracteristica.m in Sources */,
				D3500EFC154C45EE00FB85E3 /* Criterio.m in Sources */,
				D37D40D3154D9BDB00A11E6F /* Regiao.m in Sources */,
				D37D40D6154D9E1500A11E6F /* TipoVinho.m in Sources */,
				DADADA5515541E04008A9FBB /* ListaPaisesViewController.m in Sources */,
				DADADA5915542420008A9FBB /* Pais.m in Sources */,
				A0C66470155448CC004C798E /* ListaRegioesViewController.m in Sources */,
				DAC99B7F155AE3EA00D9C04F /* SubstitutableTabBarControllerViewController.m in Sources */,
				DAC99B85155B0B7B00D9C04F /* ProvaViewController.m in Sources */,
				D37D177B155DC249005E502A /* Sincronizacao.m in Sources */,
				BCC8EBB91563E36B006645BC /* NSMutableArray+ProvasMutableArray.m in Sources */,
				A979EDAB15668FCB00E94A34 /* Utils.m in Sources */,
				DA631DE0156EA7F2003EC91B /* CurrencyViewController.m in Sources */,
				D33F4B6E15702F00003C0BC5 /* SeccaoCaracteristica.m in Sources */,
				DA019F56157046A200CC589A /* CriterionCell.m in Sources */,
				DA9131311576812500D37BA0 /* UIColor+myWineColor.m in Sources */,
				DAE595481578133C0039D894 /* CharacteristicCell.m in Sources */,
				DA9031F515785609006E0E34 /* SectionItemCell.m in Sources */,
			);
			runOnlyForDeploymentPostprocessing = 0;
		};
/* End PBXSourcesBuildPhase section */

/* Begin PBXTargetDependency section */
		DA72AA551563FDB200FC7E30 /* PBXTargetDependency */ = {
			isa = PBXTargetDependency;
			target = A9C59FF51517A78500A3F8C5 /* myWine */;
			targetProxy = DA72AA541563FDB200FC7E30 /* PBXContainerItemProxy */;
		};
/* End PBXTargetDependency section */

/* Begin PBXVariantGroup section */
		65846638156034BE003CB644 /* InfoPlist.strings */ = {
			isa = PBXVariantGroup;
			children = (
				65846639156034BE003CB644 /* en */,
			);
			name = InfoPlist.strings;
			sourceTree = "<group>";
		};
		A9C5A0031517A78600A3F8C5 /* InfoPlist.strings */ = {
			isa = PBXVariantGroup;
			children = (
				A9C5A0041517A78600A3F8C5 /* en */,
			);
			name = InfoPlist.strings;
			sourceTree = "<group>";
		};
		DADE7AEF152E170300F0F680 /* Localizable.strings */ = {
			isa = PBXVariantGroup;
			children = (
				DADE7AF0152E170300F0F680 /* en */,
				DADE7AF2152E170D00F0F680 /* fr */,
				DADE7AF4152E175B00F0F680 /* pt */,
			);
			name = Localizable.strings;
			path = ..;
			sourceTree = "<group>";
		};
/* End PBXVariantGroup section */

/* Begin XCBuildConfiguration section */
		6584663F156034BE003CB644 /* Debug */ = {
			isa = XCBuildConfiguration;
			buildSettings = {
				BUNDLE_LOADER = "$(BUILT_PRODUCTS_DIR)/myWine.app/myWine";
				FRAMEWORK_SEARCH_PATHS = (
					"$(SDKROOT)/Developer/Library/Frameworks",
					"$(DEVELOPER_LIBRARY_DIR)/Frameworks",
				);
				GCC_PRECOMPILE_PREFIX_HEADER = YES;
				GCC_PREFIX_HEADER = "Tests/Tests-Prefix.pch";
				INFOPLIST_FILE = "Tests/Tests-Info.plist";
				PRODUCT_NAME = "$(TARGET_NAME)";
				TEST_HOST = "$(BUNDLE_LOADER)";
				WRAPPER_EXTENSION = octest;
			};
			name = Debug;
		};
		65846640156034BE003CB644 /* Release */ = {
			isa = XCBuildConfiguration;
			buildSettings = {
				BUNDLE_LOADER = "$(BUILT_PRODUCTS_DIR)/myWine.app/myWine";
				FRAMEWORK_SEARCH_PATHS = (
					"$(SDKROOT)/Developer/Library/Frameworks",
					"$(DEVELOPER_LIBRARY_DIR)/Frameworks",
				);
				GCC_PRECOMPILE_PREFIX_HEADER = YES;
				GCC_PREFIX_HEADER = "Tests/Tests-Prefix.pch";
				INFOPLIST_FILE = "Tests/Tests-Info.plist";
				PRODUCT_NAME = "$(TARGET_NAME)";
				TEST_HOST = "$(BUNDLE_LOADER)";
				WRAPPER_EXTENSION = octest;
			};
			name = Release;
		};
		A9C5A0151517A78600A3F8C5 /* Debug */ = {
			isa = XCBuildConfiguration;
			buildSettings = {
				ALWAYS_SEARCH_USER_PATHS = NO;
				ARCHS = "$(ARCHS_STANDARD_32_BIT)";
				CLANG_ENABLE_OBJC_ARC = YES;
				CODE_SIGN_IDENTITY = "iPhone Developer";
				"CODE_SIGN_IDENTITY[sdk=iphoneos*]" = "iPhone Developer";
				COPY_PHASE_STRIP = NO;
				GCC_C_LANGUAGE_STANDARD = gnu99;
				GCC_DYNAMIC_NO_PIC = NO;
				GCC_OPTIMIZATION_LEVEL = 0;
				GCC_PREPROCESSOR_DEFINITIONS = (
					"DEBUG=1",
					"$(inherited)",
				);
				GCC_SYMBOLS_PRIVATE_EXTERN = NO;
				GCC_VERSION = com.apple.compilers.llvm.clang.1_0;
				GCC_WARN_ABOUT_RETURN_TYPE = YES;
				GCC_WARN_UNINITIALIZED_AUTOS = YES;
				GCC_WARN_UNUSED_VARIABLE = YES;
				IPHONEOS_DEPLOYMENT_TARGET = 5.1;
				PROVISIONING_PROFILE = "";
				SDKROOT = iphoneos;
				TARGETED_DEVICE_FAMILY = 2;
			};
			name = Debug;
		};
		A9C5A0161517A78600A3F8C5 /* Release */ = {
			isa = XCBuildConfiguration;
			buildSettings = {
				ALWAYS_SEARCH_USER_PATHS = NO;
				ARCHS = "$(ARCHS_STANDARD_32_BIT)";
				CLANG_ENABLE_OBJC_ARC = YES;
				CODE_SIGN_IDENTITY = "iPhone Developer";
				"CODE_SIGN_IDENTITY[sdk=iphoneos*]" = "iPhone Developer";
				COPY_PHASE_STRIP = YES;
				GCC_C_LANGUAGE_STANDARD = gnu99;
				GCC_VERSION = com.apple.compilers.llvm.clang.1_0;
				GCC_WARN_ABOUT_RETURN_TYPE = YES;
				GCC_WARN_UNINITIALIZED_AUTOS = YES;
				GCC_WARN_UNUSED_VARIABLE = YES;
				IPHONEOS_DEPLOYMENT_TARGET = 5.1;
				OTHER_CFLAGS = "-DNS_BLOCK_ASSERTIONS=1";
				PROVISIONING_PROFILE = "";
				SDKROOT = iphoneos;
				TARGETED_DEVICE_FAMILY = 2;
				VALIDATE_PRODUCT = YES;
			};
			name = Release;
		};
		A9C5A0181517A78600A3F8C5 /* Debug */ = {
			isa = XCBuildConfiguration;
			buildSettings = {
				BUNDLE_LOADER = "";
				GCC_PRECOMPILE_PREFIX_HEADER = YES;
				GCC_PREFIX_HEADER = "myWine/myWine-Prefix.pch";
				INFOPLIST_FILE = "myWine/myWine-Info.plist";
				PRODUCT_NAME = "$(TARGET_NAME)";
				TEST_HOST = "$(BUNDLE_LOADER)";
				WRAPPER_EXTENSION = app;
			};
			name = Debug;
		};
		A9C5A0191517A78600A3F8C5 /* Release */ = {
			isa = XCBuildConfiguration;
			buildSettings = {
				BUNDLE_LOADER = "";
				COPY_PHASE_STRIP = YES;
				GCC_PRECOMPILE_PREFIX_HEADER = YES;
				GCC_PREFIX_HEADER = "myWine/myWine-Prefix.pch";
				GCC_SYMBOLS_PRIVATE_EXTERN = NO;
				INFOPLIST_FILE = "myWine/myWine-Info.plist";
				PRODUCT_NAME = "$(TARGET_NAME)";
				TEST_HOST = "$(BUNDLE_LOADER)";
				WRAPPER_EXTENSION = app;
			};
			name = Release;
		};
/* End XCBuildConfiguration section */

/* Begin XCConfigurationList section */
		65846641156034BE003CB644 /* Build configuration list for PBXNativeTarget "Tests" */ = {
			isa = XCConfigurationList;
			buildConfigurations = (
				6584663F156034BE003CB644 /* Debug */,
				65846640156034BE003CB644 /* Release */,
			);
			defaultConfigurationIsVisible = 0;
			defaultConfigurationName = Release;
		};
		A9C59FF01517A78500A3F8C5 /* Build configuration list for PBXProject "myWine" */ = {
			isa = XCConfigurationList;
			buildConfigurations = (
				A9C5A0151517A78600A3F8C5 /* Debug */,
				A9C5A0161517A78600A3F8C5 /* Release */,
			);
			defaultConfigurationIsVisible = 0;
			defaultConfigurationName = Release;
		};
		A9C5A0171517A78600A3F8C5 /* Build configuration list for PBXNativeTarget "myWine" */ = {
			isa = XCConfigurationList;
			buildConfigurations = (
				A9C5A0181517A78600A3F8C5 /* Debug */,
				A9C5A0191517A78600A3F8C5 /* Release */,
			);
			defaultConfigurationIsVisible = 0;
			defaultConfigurationName = Release;
		};
/* End XCConfigurationList section */
	};
	rootObject = A9C59FED1517A78500A3F8C5 /* Project object */;
}
